
Microsoft Visual Studio Solution File, Format Version 12.00
# Visual Studio 15
VisualStudioVersion = 15.0.28010.2019
MinimumVisualStudioVersion = 10.0.40219.1
Project("{FAE04EC0-301F-11D3-BF4B-00C04F79EFBC}") = "NewsApp.Android", "NewsApp\NewsApp.Android\NewsApp.Android.csproj", "{7744A201-5F3D-4CFE-8939-ECFD3907BF6A}"
EndProject
Project("{FAE04EC0-301F-11D3-BF4B-00C04F79EFBC}") = "NewsApp.iOS", "NewsApp\NewsApp.iOS\NewsApp.iOS.csproj", "{33A7377C-98C8-4337-9FE9-925D147070B6}"
EndProject
Project("{9A19103F-16F7-4668-BE54-9A1E7A4F7556}") = "NewsApp", "NewsApp\NewsApp\NewsApp.csproj", "{29FBBDBC-5AD6-4211-ACB6-C2788460E960}"
EndProject
Project("{9A19103F-16F7-4668-BE54-9A1E7A4F7556}") = "SearchNewsAPI", "BingSearchNewsAPI\SearchNewsAPI.csproj", "{B6B78221-BCF9-4375-B85E-0598ED491EDB}"
EndProject
Global
	GlobalSection(SolutionConfigurationPlatforms) = preSolution
		Ad-Hoc|Any CPU = Ad-Hoc|Any CPU
		Ad-Hoc|iPhone = Ad-Hoc|iPhone
		Ad-Hoc|iPhoneSimulator = Ad-Hoc|iPhoneSimulator
		AppStore|Any CPU = AppStore|Any CPU
		AppStore|iPhone = AppStore|iPhone
		AppStore|iPhoneSimulator = AppStore|iPhoneSimulator
		Debug|Any CPU = Debug|Any CPU
		Debug|iPhone = Debug|iPhone
		Debug|iPhoneSimulator = Debug|iPhoneSimulator
		Release|Any CPU = Release|Any CPU
		Release|iPhone = Release|iPhone
		Release|iPhoneSimulator = Release|iPhoneSimulator
	EndGlobalSection
	GlobalSection(ProjectConfigurationPlatforms) = postSolution
		{7744A201-5F3D-4CFE-8939-ECFD3907BF6A}.Ad-Hoc|Any CPU.ActiveCfg = Release|Any CPU
		{7744A201-5F3D-4CFE-8939-ECFD3907BF6A}.Ad-Hoc|Any CPU.Build.0 = Release|Any CPU
		{7744A201-5F3D-4CFE-8939-ECFD3907BF6A}.Ad-Hoc|Any CPU.Deploy.0 = Release|Any CPU
		{7744A201-5F3D-4CFE-8939-ECFD3907BF6A}.Ad-Hoc|iPhone.ActiveCfg = Release|Any CPU
		{7744A201-5F3D-4CFE-8939-ECFD3907BF6A}.Ad-Hoc|iPhone.Build.0 = Release|Any CPU
		{7744A201-5F3D-4CFE-8939-ECFD3907BF6A}.Ad-Hoc|iPhone.Deploy.0 = Release|Any CPU
		{7744A201-5F3D-4CFE-8939-ECFD3907BF6A}.Ad-Hoc|iPhoneSimulator.ActiveCfg = Release|Any CPU
		{7744A201-5F3D-4CFE-8939-ECFD3907BF6A}.Ad-Hoc|iPhoneSimulator.Build.0 = Release|Any CPU
		{7744A201-5F3D-4CFE-8939-ECFD3907BF6A}.Ad-Hoc|iPhoneSimulator.Deploy.0 = Release|Any CPU
		{7744A201-5F3D-4CFE-8939-ECFD3907BF6A}.AppStore|Any CPU.ActiveCfg = Release|Any CPU
		{7744A201-5F3D-4CFE-8939-ECFD3907BF6A}.AppStore|Any CPU.Build.0 = Release|Any CPU
		{7744A201-5F3D-4CFE-8939-ECFD3907BF6A}.AppStore|Any CPU.Deploy.0 = Release|Any CPU
		{7744A201-5F3D-4CFE-8939-ECFD3907BF6A}.AppStore|iPhone.ActiveCfg = Release|Any CPU
		{7744A201-5F3D-4CFE-8939-ECFD3907BF6A}.AppStore|iPhone.Build.0 = Release|Any CPU
		{7744A201-5F3D-4CFE-8939-ECFD3907BF6A}.AppStore|iPhone.Deploy.0 = Release|Any CPU
		{7744A201-5F3D-4CFE-8939-ECFD3907BF6A}.AppStore|iPhoneSimulator.ActiveCfg = Release|Any CPU
		{7744A201-5F3D-4CFE-8939-ECFD3907BF6A}.AppStore|iPhoneSimulator.Build.0 = Release|Any CPU
		{7744A201-5F3D-4CFE-8939-ECFD3907BF6A}.AppStore|iPhoneSimulator.Deploy.0 = Release|Any CPU
		{7744A201-5F3D-4CFE-8939-ECFD3907BF6A}.Debug|Any CPU.ActiveCfg = Debug|Any CPU
		{7744A201-5F3D-4CFE-8939-ECFD3907BF6A}.Debug|Any CPU.Build.0 = Debug|Any CPU
		{7744A201-5F3D-4CFE-8939-ECFD3907BF6A}.Debug|Any CPU.Deploy.0 = Debug|Any CPU
		{7744A201-5F3D-4CFE-8939-ECFD3907BF6A}.Debug|iPhone.ActiveCfg = Debug|Any CPU
		{7744A201-5F3D-4CFE-8939-ECFD3907BF6A}.Debug|iPhone.Build.0 = Debug|Any CPU
		{7744A201-5F3D-4CFE-8939-ECFD3907BF6A}.Debug|iPhone.Deploy.0 = Debug|Any CPU
		{7744A201-5F3D-4CFE-8939-ECFD3907BF6A}.Debug|iPhoneSimulator.ActiveCfg = Debug|Any CPU
		{7744A201-5F3D-4CFE-8939-ECFD3907BF6A}.Debug|iPhoneSimulator.Build.0 = Debug|Any CPU
		{7744A201-5F3D-4CFE-8939-ECFD3907BF6A}.Debug|iPhoneSimulator.Deploy.0 = Debug|Any CPU
		{7744A201-5F3D-4CFE-8939-ECFD3907BF6A}.Release|Any CPU.ActiveCfg = Release|Any CPU
		{7744A201-5F3D-4CFE-8939-ECFD3907BF6A}.Release|Any CPU.Build.0 = Release|Any CPU
		{7744A201-5F3D-4CFE-8939-ECFD3907BF6A}.Release|Any CPU.Deploy.0 = Release|Any CPU
		{7744A201-5F3D-4CFE-8939-ECFD3907BF6A}.Release|iPhone.ActiveCfg = Release|Any CPU
		{7744A201-5F3D-4CFE-8939-ECFD3907BF6A}.Release|iPhone.Build.0 = Release|Any CPU
		{7744A201-5F3D-4CFE-8939-ECFD3907BF6A}.Release|iPhone.Deploy.0 = Release|Any CPU
		{7744A201-5F3D-4CFE-8939-ECFD3907BF6A}.Release|iPhoneSimulator.ActiveCfg = Release|Any CPU
		{7744A201-5F3D-4CFE-8939-ECFD3907BF6A}.Release|iPhoneSimulator.Build.0 = Release|Any CPU
		{7744A201-5F3D-4CFE-8939-ECFD3907BF6A}.Release|iPhoneSimulator.Deploy.0 = Release|Any CPU
		{33A7377C-98C8-4337-9FE9-925D147070B6}.Ad-Hoc|Any CPU.ActiveCfg = Ad-Hoc|iPhone
		{33A7377C-98C8-4337-9FE9-925D147070B6}.Ad-Hoc|Any CPU.Build.0 = Ad-Hoc|iPhone
		{33A7377C-98C8-4337-9FE9-925D147070B6}.Ad-Hoc|Any CPU.Deploy.0 = Ad-Hoc|iPhone
		{33A7377C-98C8-4337-9FE9-925D147070B6}.Ad-Hoc|iPhone.ActiveCfg = Ad-Hoc|iPhone
		{33A7377C-98C8-4337-9FE9-925D147070B6}.Ad-Hoc|iPhone.Build.0 = Ad-Hoc|iPhone
		{33A7377C-98C8-4337-9FE9-925D147070B6}.Ad-Hoc|iPhone.Deploy.0 = Ad-Hoc|iPhone
		{33A7377C-98C8-4337-9FE9-925D147070B6}.Ad-Hoc|iPhoneSimulator.ActiveCfg = Ad-Hoc|iPhoneSimulator
		{33A7377C-98C8-4337-9FE9-925D147070B6}.Ad-Hoc|iPhoneSimulator.Build.0 = Ad-Hoc|iPhoneSimulator
		{33A7377C-98C8-4337-9FE9-925D147070B6}.Ad-Hoc|iPhoneSimulator.Deploy.0 = Ad-Hoc|iPhoneSimulator
		{33A7377C-98C8-4337-9FE9-925D147070B6}.AppStore|Any CPU.ActiveCfg = AppStore|iPhone
		{33A7377C-98C8-4337-9FE9-925D147070B6}.AppStore|Any CPU.Build.0 = AppStore|iPhone
		{33A7377C-98C8-4337-9FE9-925D147070B6}.AppStore|Any CPU.Deploy.0 = AppStore|iPhone
		{33A7377C-98C8-4337-9FE9-925D147070B6}.AppStore|iPhone.ActiveCfg = AppStore|iPhone
		{33A7377C-98C8-4337-9FE9-925D147070B6}.AppStore|iPhone.Build.0 = AppStore|iPhone
		{33A7377C-98C8-4337-9FE9-925D147070B6}.AppStore|iPhone.Deploy.0 = AppStore|iPhone
		{33A7377C-98C8-4337-9FE9-925D147070B6}.AppStore|iPhoneSimulator.ActiveCfg = AppStore|iPhoneSimulator
		{33A7377C-98C8-4337-9FE9-925D147070B6}.AppStore|iPhoneSimulator.Build.0 = AppStore|iPhoneSimulator
		{33A7377C-98C8-4337-9FE9-925D147070B6}.AppStore|iPhoneSimulator.Deploy.0 = AppStore|iPhoneSimulator
		{33A7377C-98C8-4337-9FE9-925D147070B6}.Debug|Any CPU.ActiveCfg = Debug|iPhoneSimulator
		{33A7377C-98C8-4337-9FE9-925D147070B6}.Debug|Any CPU.Build.0 = Debug|iPhoneSimulator
		{33A7377C-98C8-4337-9FE9-925D147070B6}.Debug|Any CPU.Deploy.0 = Debug|iPhoneSimulator
		{33A7377C-98C8-4337-9FE9-925D147070B6}.Debug|iPhone.ActiveCfg = Debug|iPhone
		{33A7377C-98C8-4337-9FE9-925D147070B6}.Debug|iPhone.Build.0 = Debug|iPhone
		{33A7377C-98C8-4337-9FE9-925D147070B6}.Debug|iPhone.Deploy.0 = Debug|iPhone
		{33A7377C-98C8-4337-9FE9-925D147070B6}.Debug|iPhoneSimulator.ActiveCfg = Debug|iPhoneSimulator
		{33A7377C-98C8-4337-9FE9-925D147070B6}.Debug|iPhoneSimulator.Build.0 = Debug|iPhoneSimulator
		{33A7377C-98C8-4337-9FE9-925D147070B6}.Debug|iPhoneSimulator.Deploy.0 = Debug|iPhoneSimulator
		{33A7377C-98C8-4337-9FE9-925D147070B6}.Release|Any CPU.ActiveCfg = Release|iPhone
		{33A7377C-98C8-4337-9FE9-925D147070B6}.Release|Any CPU.Build.0 = Release|iPhone
		{33A7377C-98C8-4337-9FE9-925D147070B6}.Release|Any CPU.Deploy.0 = Release|iPhone
		{33A7377C-98C8-4337-9FE9-925D147070B6}.Release|iPhone.ActiveCfg = Release|iPhone
		{33A7377C-98C8-4337-9FE9-925D147070B6}.Release|iPhone.Build.0 = Release|iPhone
		{33A7377C-98C8-4337-9FE9-925D147070B6}.Release|iPhone.Deploy.0 = Release|iPhone
		{33A7377C-98C8-4337-9FE9-925D147070B6}.Release|iPhoneSimulator.ActiveCfg = Release|iPhoneSimulator
		{33A7377C-98C8-4337-9FE9-925D147070B6}.Release|iPhoneSimulator.Build.0 = Release|iPhoneSimulator
		{33A7377C-98C8-4337-9FE9-925D147070B6}.Release|iPhoneSimulator.Deploy.0 = Release|iPhoneSimulator
		{29FBBDBC-5AD6-4211-ACB6-C2788460E960}.Ad-Hoc|Any CPU.ActiveCfg = Debug|Any CPU
		{29FBBDBC-5AD6-4211-ACB6-C2788460E960}.Ad-Hoc|Any CPU.Build.0 = Debug|Any CPU
		{29FBBDBC-5AD6-4211-ACB6-C2788460E960}.Ad-Hoc|Any CPU.Deploy.0 = Debug|Any CPU
		{29FBBDBC-5AD6-4211-ACB6-C2788460E960}.Ad-Hoc|iPhone.ActiveCfg = Debug|Any CPU
		{29FBBDBC-5AD6-4211-ACB6-C2788460E960}.Ad-Hoc|iPhone.Build.0 = Debug|Any CPU
		{29FBBDBC-5AD6-4211-ACB6-C2788460E960}.Ad-Hoc|iPhone.Deploy.0 = Debug|Any CPU
		{29FBBDBC-5AD6-4211-ACB6-C2788460E960}.Ad-Hoc|iPhoneSimulator.ActiveCfg = Debug|Any CPU
		{29FBBDBC-5AD6-4211-ACB6-C2788460E960}.Ad-Hoc|iPhoneSimulator.Build.0 = Debug|Any CPU
		{29FBBDBC-5AD6-4211-ACB6-C2788460E960}.Ad-Hoc|iPhoneSimulator.Deploy.0 = Debug|Any CPU
		{29FBBDBC-5AD6-4211-ACB6-C2788460E960}.AppStore|Any CPU.ActiveCfg = Debug|Any CPU
		{29FBBDBC-5AD6-4211-ACB6-C2788460E960}.AppStore|Any CPU.Build.0 = Debug|Any CPU
		{29FBBDBC-5AD6-4211-ACB6-C2788460E960}.AppStore|Any CPU.Deploy.0 = Debug|Any CPU
		{29FBBDBC-5AD6-4211-ACB6-C2788460E960}.AppStore|iPhone.ActiveCfg = Debug|Any CPU
		{29FBBDBC-5AD6-4211-ACB6-C2788460E960}.AppStore|iPhone.Build.0 = Debug|Any CPU
		{29FBBDBC-5AD6-4211-ACB6-C2788460E960}.AppStore|iPhone.Deploy.0 = Debug|Any CPU
		{29FBBDBC-5AD6-4211-ACB6-C2788460E960}.AppStore|iPhoneSimulator.ActiveCfg = Debug|Any CPU
		{29FBBDBC-5AD6-4211-ACB6-C2788460E960}.AppStore|iPhoneSimulator.Build.0 = Debug|Any CPU
		{29FBBDBC-5AD6-4211-ACB6-C2788460E960}.AppStore|iPhoneSimulator.Deploy.0 = Debug|Any CPU
		{29FBBDBC-5AD6-4211-ACB6-C2788460E960}.Debug|Any CPU.ActiveCfg = Debug|Any CPU
		{29FBBDBC-5AD6-4211-ACB6-C2788460E960}.Debug|Any CPU.Build.0 = Debug|Any CPU
		{29FBBDBC-5AD6-4211-ACB6-C2788460E960}.Debug|Any CPU.Deploy.0 = Debug|Any CPU
		{29FBBDBC-5AD6-4211-ACB6-C2788460E960}.Debug|iPhone.ActiveCfg = Debug|Any CPU
		{29FBBDBC-5AD6-4211-ACB6-C2788460E960}.Debug|iPhone.Build.0 = Debug|Any CPU
		{29FBBDBC-5AD6-4211-ACB6-C2788460E960}.Debug|iPhone.Deploy.0 = Debug|Any CPU
		{29FBBDBC-5AD6-4211-ACB6-C2788460E960}.Debug|iPhoneSimulator.ActiveCfg = Debug|Any CPU
		{29FBBDBC-5AD6-4211-ACB6-C2788460E960}.Debug|iPhoneSimulator.Build.0 = Debug|Any CPU
		{29FBBDBC-5AD6-4211-ACB6-C2788460E960}.Debug|iPhoneSimulator.Deploy.0 = Debug|Any CPU
		{29FBBDBC-5AD6-4211-ACB6-C2788460E960}.Release|Any CPU.ActiveCfg = Release|Any CPU
		{29FBBDBC-5AD6-4211-ACB6-C2788460E960}.Release|Any CPU.Build.0 = Release|Any CPU
		{29FBBDBC-5AD6-4211-ACB6-C2788460E960}.Release|Any CPU.Deploy.0 = Release|Any CPU
		{29FBBDBC-5AD6-4211-ACB6-C2788460E960}.Release|iPhone.ActiveCfg = Release|Any CPU
		{29FBBDBC-5AD6-4211-ACB6-C2788460E960}.Release|iPhone.Build.0 = Release|Any CPU
		{29FBBDBC-5AD6-4211-ACB6-C2788460E960}.Release|iPhone.Deploy.0 = Release|Any CPU
		{29FBBDBC-5AD6-4211-ACB6-C2788460E960}.Release|iPhoneSimulator.ActiveCfg = Release|Any CPU
		{29FBBDBC-5AD6-4211-ACB6-C2788460E960}.Release|iPhoneSimulator.Build.0 = Release|Any CPU
		{29FBBDBC-5AD6-4211-ACB6-C2788460E960}.Release|iPhoneSimulator.Deploy.0 = Release|Any CPU
		{B6B78221-BCF9-4375-B85E-0598ED491EDB}.Ad-Hoc|Any CPU.ActiveCfg = Debug|Any CPU
		{B6B78221-BCF9-4375-B85E-0598ED491EDB}.Ad-Hoc|Any CPU.Build.0 = Debug|Any CPU
		{B6B78221-BCF9-4375-B85E-0598ED491EDB}.Ad-Hoc|iPhone.ActiveCfg = Debug|Any CPU
		{B6B78221-BCF9-4375-B85E-0598ED491EDB}.Ad-Hoc|iPhone.Build.0 = Debug|Any CPU
		{B6B78221-BCF9-4375-B85E-0598ED491EDB}.Ad-Hoc|iPhoneSimulator.ActiveCfg = Debug|Any CPU
		{B6B78221-BCF9-4375-B85E-0598ED491EDB}.Ad-Hoc|iPhoneSimulator.Build.0 = Debug|Any CPU
		{B6B78221-BCF9-4375-B85E-0598ED491EDB}.AppStore|Any CPU.ActiveCfg = Debug|Any CPU
		{B6B78221-BCF9-4375-B85E-0598ED491EDB}.AppStore|Any CPU.Build.0 = Debug|Any CPU
		{B6B78221-BCF9-4375-B85E-0598ED491EDB}.AppStore|iPhone.ActiveCfg = Debug|Any CPU
		{B6B78221-BCF9-4375-B85E-0598ED491EDB}.AppStore|iPhone.Build.0 = Debug|Any CPU
		{B6B78221-BCF9-4375-B85E-0598ED491EDB}.AppStore|iPhoneSimulator.ActiveCfg = Debug|Any CPU
		{B6B78221-BCF9-4375-B85E-0598ED491EDB}.AppStore|iPhoneSimulator.Build.0 = Debug|Any CPU
		{B6B78221-BCF9-4375-B85E-0598ED491EDB}.Debug|Any CPU.ActiveCfg = Debug|Any CPU
		{B6B78221-BCF9-4375-B85E-0598ED491EDB}.Debug|Any CPU.Build.0 = Debug|Any CPU
		{B6B78221-BCF9-4375-B85E-0598ED491EDB}.Debug|iPhone.ActiveCfg = Debug|Any CPU
		{B6B78221-BCF9-4375-B85E-0598ED491EDB}.Debug|iPhone.Build.0 = Debug|Any CPU
		{B6B78221-BCF9-4375-B85E-0598ED491EDB}.Debug|iPhoneSimulator.ActiveCfg = Debug|Any CPU
		{B6B78221-BCF9-4375-B85E-0598ED491EDB}.Debug|iPhoneSimulator.Build.0 = Debug|Any CPU
		{B6B78221-BCF9-4375-B85E-0598ED491EDB}.Release|Any CPU.ActiveCfg = Release|Any CPU
		{B6B78221-BCF9-4375-B85E-0598ED491EDB}.Release|Any CPU.Build.0 = Release|Any CPU
		{B6B78221-BCF9-4375-B85E-0598ED491EDB}.Release|iPhone.ActiveCfg = Release|Any CPU
		{B6B78221-BCF9-4375-B85E-0598ED491EDB}.Release|iPhone.Build.0 = Release|Any CPU
		{B6B78221-BCF9-4375-B85E-0598ED491EDB}.Release|iPhoneSimulator.ActiveCfg = Release|Any CPU
		{B6B78221-BCF9-4375-B85E-0598ED491EDB}.Release|iPhoneSimulator.Build.0 = Release|Any CPU
	EndGlobalSection
	GlobalSection(SolutionProperties) = preSolution
		HideSolutionNode = FALSE
	EndGlobalSection
	GlobalSection(ExtensibilityGlobals) = postSolution
		SolutionGuid = {B1DCACF8-BBC9-46DE-A77C-43B53F71B68C}
	EndGlobalSection
EndGlobal
