
Microsoft Visual Studio Solution File, Format Version 12.00
# Visual Studio 15
VisualStudioVersion = 15.0.28010.2019
MinimumVisualStudioVersion = 10.0.40219.1
Project("{FAE04EC0-301F-11D3-BF4B-00C04F79EFBC}") = "NewsApp.Android", "NewsApp\NewsApp.Android\NewsApp.Android.csproj", "{53C99D9F-846C-4C0C-8D5B-3F86D9A40081}"
EndProject
Project("{FAE04EC0-301F-11D3-BF4B-00C04F79EFBC}") = "NewsApp.iOS", "NewsApp\NewsApp.iOS\NewsApp.iOS.csproj", "{4D0C9952-92DF-4AC6-B568-5FDB15C2C16B}"
EndProject
Project("{FAE04EC0-301F-11D3-BF4B-00C04F79EFBC}") = "NewsApp", "NewsApp\NewsApp\NewsApp.csproj", "{1F13E4A0-8BBE-4A2F-8A6E-06504BF4A5E0}"
EndProject
Global
	GlobalSection(SolutionConfigurationPlatforms) = preSolution
		Ad-Hoc|Any CPU = Ad-Hoc|Any CPU
		Ad-Hoc|iPhone = Ad-Hoc|iPhone
		Ad-Hoc|iPhoneSimulator = Ad-Hoc|iPhoneSimulator
		AppStore|Any CPU = AppStore|Any CPU
		AppStore|iPhone = AppStore|iPhone
		AppStore|iPhoneSimulator = AppStore|iPhoneSimulator
		Debug|Any CPU = Debug|Any CPU
		Debug|iPhone = Debug|iPhone
		Debug|iPhoneSimulator = Debug|iPhoneSimulator
		Release|Any CPU = Release|Any CPU
		Release|iPhone = Release|iPhone
		Release|iPhoneSimulator = Release|iPhoneSimulator
	EndGlobalSection
	GlobalSection(ProjectConfigurationPlatforms) = postSolution
		{53C99D9F-846C-4C0C-8D5B-3F86D9A40081}.Ad-Hoc|Any CPU.ActiveCfg = Release|Any CPU
		{53C99D9F-846C-4C0C-8D5B-3F86D9A40081}.Ad-Hoc|Any CPU.Build.0 = Release|Any CPU
		{53C99D9F-846C-4C0C-8D5B-3F86D9A40081}.Ad-Hoc|Any CPU.Deploy.0 = Release|Any CPU
		{53C99D9F-846C-4C0C-8D5B-3F86D9A40081}.Ad-Hoc|iPhone.ActiveCfg = Release|Any CPU
		{53C99D9F-846C-4C0C-8D5B-3F86D9A40081}.Ad-Hoc|iPhone.Build.0 = Release|Any CPU
		{53C99D9F-846C-4C0C-8D5B-3F86D9A40081}.Ad-Hoc|iPhone.Deploy.0 = Release|Any CPU
		{53C99D9F-846C-4C0C-8D5B-3F86D9A40081}.Ad-Hoc|iPhoneSimulator.ActiveCfg = Release|Any CPU
		{53C99D9F-846C-4C0C-8D5B-3F86D9A40081}.Ad-Hoc|iPhoneSimulator.Build.0 = Release|Any CPU
		{53C99D9F-846C-4C0C-8D5B-3F86D9A40081}.Ad-Hoc|iPhoneSimulator.Deploy.0 = Release|Any CPU
		{53C99D9F-846C-4C0C-8D5B-3F86D9A40081}.AppStore|Any CPU.ActiveCfg = Release|Any CPU
		{53C99D9F-846C-4C0C-8D5B-3F86D9A40081}.AppStore|Any CPU.Build.0 = Release|Any CPU
		{53C99D9F-846C-4C0C-8D5B-3F86D9A40081}.AppStore|Any CPU.Deploy.0 = Release|Any CPU
		{53C99D9F-846C-4C0C-8D5B-3F86D9A40081}.AppStore|iPhone.ActiveCfg = Release|Any CPU
		{53C99D9F-846C-4C0C-8D5B-3F86D9A40081}.AppStore|iPhone.Build.0 = Release|Any CPU
		{53C99D9F-846C-4C0C-8D5B-3F86D9A40081}.AppStore|iPhone.Deploy.0 = Release|Any CPU
		{53C99D9F-846C-4C0C-8D5B-3F86D9A40081}.AppStore|iPhoneSimulator.ActiveCfg = Release|Any CPU
		{53C99D9F-846C-4C0C-8D5B-3F86D9A40081}.AppStore|iPhoneSimulator.Build.0 = Release|Any CPU
		{53C99D9F-846C-4C0C-8D5B-3F86D9A40081}.AppStore|iPhoneSimulator.Deploy.0 = Release|Any CPU
		{53C99D9F-846C-4C0C-8D5B-3F86D9A40081}.Debug|Any CPU.ActiveCfg = Debug|Any CPU
		{53C99D9F-846C-4C0C-8D5B-3F86D9A40081}.Debug|Any CPU.Build.0 = Debug|Any CPU
		{53C99D9F-846C-4C0C-8D5B-3F86D9A40081}.Debug|Any CPU.Deploy.0 = Debug|Any CPU
		{53C99D9F-846C-4C0C-8D5B-3F86D9A40081}.Debug|iPhone.ActiveCfg = Debug|Any CPU
		{53C99D9F-846C-4C0C-8D5B-3F86D9A40081}.Debug|iPhone.Build.0 = Debug|Any CPU
		{53C99D9F-846C-4C0C-8D5B-3F86D9A40081}.Debug|iPhone.Deploy.0 = Debug|Any CPU
		{53C99D9F-846C-4C0C-8D5B-3F86D9A40081}.Debug|iPhoneSimulator.ActiveCfg = Debug|Any CPU
		{53C99D9F-846C-4C0C-8D5B-3F86D9A40081}.Debug|iPhoneSimulator.Build.0 = Debug|Any CPU
		{53C99D9F-846C-4C0C-8D5B-3F86D9A40081}.Debug|iPhoneSimulator.Deploy.0 = Debug|Any CPU
		{53C99D9F-846C-4C0C-8D5B-3F86D9A40081}.Release|Any CPU.ActiveCfg = Release|Any CPU
		{53C99D9F-846C-4C0C-8D5B-3F86D9A40081}.Release|Any CPU.Build.0 = Release|Any CPU
		{53C99D9F-846C-4C0C-8D5B-3F86D9A40081}.Release|Any CPU.Deploy.0 = Release|Any CPU
		{53C99D9F-846C-4C0C-8D5B-3F86D9A40081}.Release|iPhone.ActiveCfg = Release|Any CPU
		{53C99D9F-846C-4C0C-8D5B-3F86D9A40081}.Release|iPhone.Build.0 = Release|Any CPU
		{53C99D9F-846C-4C0C-8D5B-3F86D9A40081}.Release|iPhone.Deploy.0 = Release|Any CPU
		{53C99D9F-846C-4C0C-8D5B-3F86D9A40081}.Release|iPhoneSimulator.ActiveCfg = Release|Any CPU
		{53C99D9F-846C-4C0C-8D5B-3F86D9A40081}.Release|iPhoneSimulator.Build.0 = Release|Any CPU
		{53C99D9F-846C-4C0C-8D5B-3F86D9A40081}.Release|iPhoneSimulator.Deploy.0 = Release|Any CPU
		{4D0C9952-92DF-4AC6-B568-5FDB15C2C16B}.Ad-Hoc|Any CPU.ActiveCfg = Ad-Hoc|iPhone
		{4D0C9952-92DF-4AC6-B568-5FDB15C2C16B}.Ad-Hoc|Any CPU.Build.0 = Ad-Hoc|iPhone
		{4D0C9952-92DF-4AC6-B568-5FDB15C2C16B}.Ad-Hoc|Any CPU.Deploy.0 = Ad-Hoc|iPhone
		{4D0C9952-92DF-4AC6-B568-5FDB15C2C16B}.Ad-Hoc|iPhone.ActiveCfg = Ad-Hoc|iPhone
		{4D0C9952-92DF-4AC6-B568-5FDB15C2C16B}.Ad-Hoc|iPhone.Build.0 = Ad-Hoc|iPhone
		{4D0C9952-92DF-4AC6-B568-5FDB15C2C16B}.Ad-Hoc|iPhone.Deploy.0 = Ad-Hoc|iPhone
		{4D0C9952-92DF-4AC6-B568-5FDB15C2C16B}.Ad-Hoc|iPhoneSimulator.ActiveCfg = Ad-Hoc|iPhoneSimulator
		{4D0C9952-92DF-4AC6-B568-5FDB15C2C16B}.Ad-Hoc|iPhoneSimulator.Build.0 = Ad-Hoc|iPhoneSimulator
		{4D0C9952-92DF-4AC6-B568-5FDB15C2C16B}.Ad-Hoc|iPhoneSimulator.Deploy.0 = Ad-Hoc|iPhoneSimulator
		{4D0C9952-92DF-4AC6-B568-5FDB15C2C16B}.AppStore|Any CPU.ActiveCfg = AppStore|iPhone
		{4D0C9952-92DF-4AC6-B568-5FDB15C2C16B}.AppStore|Any CPU.Build.0 = AppStore|iPhone
		{4D0C9952-92DF-4AC6-B568-5FDB15C2C16B}.AppStore|Any CPU.Deploy.0 = AppStore|iPhone
		{4D0C9952-92DF-4AC6-B568-5FDB15C2C16B}.AppStore|iPhone.ActiveCfg = AppStore|iPhone
		{4D0C9952-92DF-4AC6-B568-5FDB15C2C16B}.AppStore|iPhone.Build.0 = AppStore|iPhone
		{4D0C9952-92DF-4AC6-B568-5FDB15C2C16B}.AppStore|iPhone.Deploy.0 = AppStore|iPhone
		{4D0C9952-92DF-4AC6-B568-5FDB15C2C16B}.AppStore|iPhoneSimulator.ActiveCfg = AppStore|iPhoneSimulator
		{4D0C9952-92DF-4AC6-B568-5FDB15C2C16B}.AppStore|iPhoneSimulator.Build.0 = AppStore|iPhoneSimulator
		{4D0C9952-92DF-4AC6-B568-5FDB15C2C16B}.AppStore|iPhoneSimulator.Deploy.0 = AppStore|iPhoneSimulator
		{4D0C9952-92DF-4AC6-B568-5FDB15C2C16B}.Debug|Any CPU.ActiveCfg = Debug|iPhoneSimulator
		{4D0C9952-92DF-4AC6-B568-5FDB15C2C16B}.Debug|Any CPU.Build.0 = Debug|iPhoneSimulator
		{4D0C9952-92DF-4AC6-B568-5FDB15C2C16B}.Debug|Any CPU.Deploy.0 = Debug|iPhoneSimulator
		{4D0C9952-92DF-4AC6-B568-5FDB15C2C16B}.Debug|iPhone.ActiveCfg = Debug|iPhone
		{4D0C9952-92DF-4AC6-B568-5FDB15C2C16B}.Debug|iPhone.Build.0 = Debug|iPhone
		{4D0C9952-92DF-4AC6-B568-5FDB15C2C16B}.Debug|iPhone.Deploy.0 = Debug|iPhone
		{4D0C9952-92DF-4AC6-B568-5FDB15C2C16B}.Debug|iPhoneSimulator.ActiveCfg = Debug|iPhoneSimulator
		{4D0C9952-92DF-4AC6-B568-5FDB15C2C16B}.Debug|iPhoneSimulator.Build.0 = Debug|iPhoneSimulator
		{4D0C9952-92DF-4AC6-B568-5FDB15C2C16B}.Debug|iPhoneSimulator.Deploy.0 = Debug|iPhoneSimulator
		{4D0C9952-92DF-4AC6-B568-5FDB15C2C16B}.Release|Any CPU.ActiveCfg = Release|iPhone
		{4D0C9952-92DF-4AC6-B568-5FDB15C2C16B}.Release|Any CPU.Build.0 = Release|iPhone
		{4D0C9952-92DF-4AC6-B568-5FDB15C2C16B}.Release|Any CPU.Deploy.0 = Release|iPhone
		{4D0C9952-92DF-4AC6-B568-5FDB15C2C16B}.Release|iPhone.ActiveCfg = Release|iPhone
		{4D0C9952-92DF-4AC6-B568-5FDB15C2C16B}.Release|iPhone.Build.0 = Release|iPhone
		{4D0C9952-92DF-4AC6-B568-5FDB15C2C16B}.Release|iPhone.Deploy.0 = Release|iPhone
		{4D0C9952-92DF-4AC6-B568-5FDB15C2C16B}.Release|iPhoneSimulator.ActiveCfg = Release|iPhoneSimulator
		{4D0C9952-92DF-4AC6-B568-5FDB15C2C16B}.Release|iPhoneSimulator.Build.0 = Release|iPhoneSimulator
		{4D0C9952-92DF-4AC6-B568-5FDB15C2C16B}.Release|iPhoneSimulator.Deploy.0 = Release|iPhoneSimulator
		{1F13E4A0-8BBE-4A2F-8A6E-06504BF4A5E0}.Ad-Hoc|Any CPU.ActiveCfg = Debug|Any CPU
		{1F13E4A0-8BBE-4A2F-8A6E-06504BF4A5E0}.Ad-Hoc|Any CPU.Build.0 = Debug|Any CPU
		{1F13E4A0-8BBE-4A2F-8A6E-06504BF4A5E0}.Ad-Hoc|Any CPU.Deploy.0 = Debug|Any CPU
		{1F13E4A0-8BBE-4A2F-8A6E-06504BF4A5E0}.Ad-Hoc|iPhone.ActiveCfg = Debug|Any CPU
		{1F13E4A0-8BBE-4A2F-8A6E-06504BF4A5E0}.Ad-Hoc|iPhone.Build.0 = Debug|Any CPU
		{1F13E4A0-8BBE-4A2F-8A6E-06504BF4A5E0}.Ad-Hoc|iPhone.Deploy.0 = Debug|Any CPU
		{1F13E4A0-8BBE-4A2F-8A6E-06504BF4A5E0}.Ad-Hoc|iPhoneSimulator.ActiveCfg = Debug|Any CPU
		{1F13E4A0-8BBE-4A2F-8A6E-06504BF4A5E0}.Ad-Hoc|iPhoneSimulator.Build.0 = Debug|Any CPU
		{1F13E4A0-8BBE-4A2F-8A6E-06504BF4A5E0}.Ad-Hoc|iPhoneSimulator.Deploy.0 = Debug|Any CPU
		{1F13E4A0-8BBE-4A2F-8A6E-06504BF4A5E0}.AppStore|Any CPU.ActiveCfg = Debug|Any CPU
		{1F13E4A0-8BBE-4A2F-8A6E-06504BF4A5E0}.AppStore|Any CPU.Build.0 = Debug|Any CPU
		{1F13E4A0-8BBE-4A2F-8A6E-06504BF4A5E0}.AppStore|Any CPU.Deploy.0 = Debug|Any CPU
		{1F13E4A0-8BBE-4A2F-8A6E-06504BF4A5E0}.AppStore|iPhone.ActiveCfg = Debug|Any CPU
		{1F13E4A0-8BBE-4A2F-8A6E-06504BF4A5E0}.AppStore|iPhone.Build.0 = Debug|Any CPU
		{1F13E4A0-8BBE-4A2F-8A6E-06504BF4A5E0}.AppStore|iPhone.Deploy.0 = Debug|Any CPU
		{1F13E4A0-8BBE-4A2F-8A6E-06504BF4A5E0}.AppStore|iPhoneSimulator.ActiveCfg = Debug|Any CPU
		{1F13E4A0-8BBE-4A2F-8A6E-06504BF4A5E0}.AppStore|iPhoneSimulator.Build.0 = Debug|Any CPU
		{1F13E4A0-8BBE-4A2F-8A6E-06504BF4A5E0}.AppStore|iPhoneSimulator.Deploy.0 = Debug|Any CPU
		{1F13E4A0-8BBE-4A2F-8A6E-06504BF4A5E0}.Debug|Any CPU.ActiveCfg = Debug|Any CPU
		{1F13E4A0-8BBE-4A2F-8A6E-06504BF4A5E0}.Debug|Any CPU.Build.0 = Debug|Any CPU
		{1F13E4A0-8BBE-4A2F-8A6E-06504BF4A5E0}.Debug|Any CPU.Deploy.0 = Debug|Any CPU
		{1F13E4A0-8BBE-4A2F-8A6E-06504BF4A5E0}.Debug|iPhone.ActiveCfg = Debug|Any CPU
		{1F13E4A0-8BBE-4A2F-8A6E-06504BF4A5E0}.Debug|iPhone.Build.0 = Debug|Any CPU
		{1F13E4A0-8BBE-4A2F-8A6E-06504BF4A5E0}.Debug|iPhone.Deploy.0 = Debug|Any CPU
		{1F13E4A0-8BBE-4A2F-8A6E-06504BF4A5E0}.Debug|iPhoneSimulator.ActiveCfg = Debug|Any CPU
		{1F13E4A0-8BBE-4A2F-8A6E-06504BF4A5E0}.Debug|iPhoneSimulator.Build.0 = Debug|Any CPU
		{1F13E4A0-8BBE-4A2F-8A6E-06504BF4A5E0}.Debug|iPhoneSimulator.Deploy.0 = Debug|Any CPU
		{1F13E4A0-8BBE-4A2F-8A6E-06504BF4A5E0}.Release|Any CPU.ActiveCfg = Release|Any CPU
		{1F13E4A0-8BBE-4A2F-8A6E-06504BF4A5E0}.Release|Any CPU.Build.0 = Release|Any CPU
		{1F13E4A0-8BBE-4A2F-8A6E-06504BF4A5E0}.Release|Any CPU.Deploy.0 = Release|Any CPU
		{1F13E4A0-8BBE-4A2F-8A6E-06504BF4A5E0}.Release|iPhone.ActiveCfg = Release|Any CPU
		{1F13E4A0-8BBE-4A2F-8A6E-06504BF4A5E0}.Release|iPhone.Build.0 = Release|Any CPU
		{1F13E4A0-8BBE-4A2F-8A6E-06504BF4A5E0}.Release|iPhone.Deploy.0 = Release|Any CPU
		{1F13E4A0-8BBE-4A2F-8A6E-06504BF4A5E0}.Release|iPhoneSimulator.ActiveCfg = Release|Any CPU
		{1F13E4A0-8BBE-4A2F-8A6E-06504BF4A5E0}.Release|iPhoneSimulator.Build.0 = Release|Any CPU
		{1F13E4A0-8BBE-4A2F-8A6E-06504BF4A5E0}.Release|iPhoneSimulator.Deploy.0 = Release|Any CPU
	EndGlobalSection
	GlobalSection(SolutionProperties) = preSolution
		HideSolutionNode = FALSE
	EndGlobalSection
	GlobalSection(ExtensibilityGlobals) = postSolution
		SolutionGuid = {F31589D5-EFA0-401B-8944-DE8A7203B4CC}
	EndGlobalSection
EndGlobal
